dependencies:
  graphql: 15.2.0
devDependencies:
  '@types/koa': 2.11.3
  typescript: 3.9.6
lockfileVersion: 5.1
packages:
  /@types/accepts/1.3.5:
    dependencies:
      '@types/node': 14.0.14
    dev: true
    resolution:
      integrity: sha512-jOdnI/3qTpHABjM5cx1Hc0sKsPoYCp+DP/GJRGtDlPd7fiV9oXGGIcjW/ZOxLIvjGz8MA+uMZI9metHlgqbgwQ==
  /@types/body-parser/1.19.0:
    dependencies:
      '@types/connect': 3.4.33
      '@types/node': 14.0.14
    dev: true
    resolution:
      integrity: sha512-W98JrE0j2K78swW4ukqMleo8R7h/pFETjM2DQ90MF6XK2i4LO4W3gQ71Lt4w3bfm2EvVSyWHplECvB5sK22yFQ==
  /@types/connect/3.4.33:
    dependencies:
      '@types/node': 14.0.14
    dev: true
    resolution:
      integrity: sha512-2+FrkXY4zllzTNfJth7jOqEHC+enpLeGslEhpnTAkg21GkRrWV4SsAtqchtT4YS9/nODBU2/ZfsBY2X4J/dX7A==
  /@types/content-disposition/0.5.3:
    dev: true
    resolution:
      integrity: sha512-P1bffQfhD3O4LW0ioENXUhZ9OIa0Zn+P7M+pWgkCKaT53wVLSq0mrKksCID/FGHpFhRSxRGhgrQmfhRuzwtKdg==
  /@types/cookies/0.7.4:
    dependencies:
      '@types/connect': 3.4.33
      '@types/express': 4.17.6
      '@types/keygrip': 1.0.2
      '@types/node': 14.0.14
    dev: true
    resolution:
      integrity: sha512-oTGtMzZZAVuEjTwCjIh8T8FrC8n/uwy+PG0yTvQcdZ7etoel7C7/3MSd7qrukENTgQtotG7gvBlBojuVs7X5rw==
  /@types/express-serve-static-core/4.17.8:
    dependencies:
      '@types/node': 14.0.14
      '@types/qs': 6.9.3
      '@types/range-parser': 1.2.3
    dev: true
    resolution:
      integrity: sha512-1SJZ+R3Q/7mLkOD9ewCBDYD2k0WyZQtWYqF/2VvoNN2/uhI49J9CDN4OAm+wGMA0DbArA4ef27xl4+JwMtGggw==
  /@types/express/4.17.6:
    dependencies:
      '@types/body-parser': 1.19.0
      '@types/express-serve-static-core': 4.17.8
      '@types/qs': 6.9.3
      '@types/serve-static': 1.13.4
    dev: true
    resolution:
      integrity: sha512-n/mr9tZI83kd4azlPG5y997C/M4DNABK9yErhFM6hKdym4kkmd9j0vtsJyjFIwfRBxtrxZtAfGZCNRIBMFLK5w==
  /@types/http-assert/1.5.1:
    dev: true
    resolution:
      integrity: sha512-PGAK759pxyfXE78NbKxyfRcWYA/KwW17X290cNev/qAsn9eQIxkH4shoNBafH37wewhDG/0p1cHPbK6+SzZjWQ==
  /@types/keygrip/1.0.2:
    dev: true
    resolution:
      integrity: sha512-GJhpTepz2udxGexqos8wgaBx4I/zWIDPh/KOGEwAqtuGDkOUJu5eFvwmdBX4AmB8Odsr+9pHCQqiAqDL/yKMKw==
  /@types/koa-compose/3.2.5:
    dependencies:
      '@types/koa': 2.11.3
    dev: true
    resolution:
      integrity: sha512-B8nG/OoE1ORZqCkBVsup/AKcvjdgoHnfi4pZMn5UwAPCbhk/96xyv284eBYW8JlQbQ7zDmnpFr68I/40mFoIBQ==
  /@types/koa/2.11.3:
    dependencies:
      '@types/accepts': 1.3.5
      '@types/content-disposition': 0.5.3
      '@types/cookies': 0.7.4
      '@types/http-assert': 1.5.1
      '@types/keygrip': 1.0.2
      '@types/koa-compose': 3.2.5
      '@types/node': 14.0.14
    dev: true
    resolution:
      integrity: sha512-ABxVkrNWa4O/Jp24EYI/hRNqEVRlhB9g09p48neQp4m3xL1TJtdWk2NyNQSMCU45ejeELMQZBYyfstyVvO2H3Q==
  /@types/mime/2.0.2:
    dev: true
    resolution:
      integrity: sha512-4kPlzbljFcsttWEq6aBW0OZe6BDajAmyvr2xknBG92tejQnvdGtT9+kXSZ580DqpxY9qG2xeQVF9Dq0ymUTo5Q==
  /@types/node/14.0.14:
    dev: true
    resolution:
      integrity: sha512-syUgf67ZQpaJj01/tRTknkMNoBBLWJOBODF0Zm4NrXmiSuxjymFrxnTu1QVYRubhVkRcZLYZG8STTwJRdVm/WQ==
  /@types/qs/6.9.3:
    dev: true
    resolution:
      integrity: sha512-7s9EQWupR1fTc2pSMtXRQ9w9gLOcrJn+h7HOXw4evxyvVqMi4f+q7d2tnFe3ng3SNHjtK+0EzGMGFUQX4/AQRA==
  /@types/range-parser/1.2.3:
    dev: true
    resolution:
      integrity: sha512-ewFXqrQHlFsgc09MK5jP5iR7vumV/BYayNC6PgJO2LPe8vrnNFyjQjSppfEngITi0qvfKtzFvgKymGheFM9UOA==
  /@types/serve-static/1.13.4:
    dependencies:
      '@types/express-serve-static-core': 4.17.8
      '@types/mime': 2.0.2
    dev: true
    resolution:
      integrity: sha512-jTDt0o/YbpNwZbQmE/+2e+lfjJEJJR0I3OFaKQKPWkASkCoW3i6fsUnqudSMcNAfbtmADGu8f4MV4q+GqULmug==
  /graphql/15.2.0:
    dev: false
    engines:
      node: '>= 10.x'
    resolution:
      integrity: sha512-tsceRyHfgzZo+ee0YK3o8f0CR0cXAXxRlxoORWFo/CoM1bVy3UXGWeyzBcf+Y6oqPvO27BDmOEVATcunOO/MrQ==
  /typescript/3.9.6:
    dev: true
    engines:
      node: '>=4.2.0'
    hasBin: true
    resolution:
      integrity: sha512-Pspx3oKAPJtjNwE92YS05HQoY7z2SFyOpHo9MqJor3BXAGNaPUs83CuVp9VISFkSjyRfiTpmKuAYGJB7S7hOxw==
specifiers:
  '@types/koa': ^2.11.3
  graphql: ^15.2.0
  typescript: ^3.9.6
